github.com/Unknwon/goconfig v1.0.0 h1:9IAu/BYbSLQi8puFjUQApZTxIHqSwrj5d8vpP8vTq4A=
github.com/Unknwon/goconfig v1.0.0/go.mod h1:wngxua9XCNjvHjDiTiV26DaKDT+0c63QR6H5hjVUUxw=
github.com/cespare/xxhash/v2 v2.3.0 h1:UL815xU9SqsFlibzuggzjXhog7bL6oX9BbNZnL2UFvs=
github.com/cespare/xxhash/v2 v2.3.0/go.mod h1:VGX0DQ3Q6kWi7AoAeZDth3/j3BFtOZR5XLFGgcrjCOs=
github.com/dgryski/go-rendezvous v0.0.0-20200823014737-9f7001d12a5f h1:lO4WD4F/rVNCu3HqELle0jiPLLBs70cWOduZpkS1E78=
github.com/dgryski/go-rendezvous v0.0.0-20200823014737-9f7001d12a5f/go.mod h1:cuUVRXasLTGF7a8hSLbxyZXjz+1KgoB3wDUb6vlszIc=
github.com/redis/go-redis/v9 v9.16.0 h1:OotgqgLSRCmzfqChbQyG1PHC3tLNR89DG4jdOERSEP4=
github.com/redis/go-redis/v9 v9.16.0/go.mod h1:u410H11HMLoB+TP67dz8rL9s6QW2j76l0//kSOd3370=
